// !$*UTF8*$!
{
	archiveVersion = 1;
	classes = {
	};
	objectVersion = 50;
	objects = {

/* Begin PBXBuildFile section */
		D5BEC14320A9A889005BBE60 /* AppDelegate.swift in Sources */ = {isa = PBXBuildFile; fileRef = D5BEC14220A9A889005BBE60 /* AppDelegate.swift */; };
		D5BEC14520A9A889005BBE60 /* ViewController.swift in Sources */ = {isa = PBXBuildFile; fileRef = D5BEC14420A9A889005BBE60 /* ViewController.swift */; };
		D5BEC14820A9A889005BBE60 /* Main.storyboard in Resources */ = {isa = PBXBuildFile; fileRef = D5BEC14620A9A889005BBE60 /* Main.storyboard */; };
		D5BEC14A20A9A88C005BBE60 /* Assets.xcassets in Resources */ = {isa = PBXBuildFile; fileRef = D5BEC14920A9A88C005BBE60 /* Assets.xcassets */; };
		D5BEC14D20A9A88C005BBE60 /* LaunchScreen.storyboard in Resources */ = {isa = PBXBuildFile; fileRef = D5BEC14B20A9A88C005BBE60 /* LaunchScreen.storyboard */; };
/* End PBXBuildFile section */

/* Begin PBXFileReference section */
		D5BEC13F20A9A889005BBE60 /* Undecided.app */ = {isa = PBXFileReference; explicitFileType = wrapper.application; includeInIndex = 0; path = Undecided.app; sourceTree = BUILT_PRODUCTS_DIR; };
		D5BEC14220A9A889005BBE60 /* AppDelegate.swift */ = {isa = PBXFileReference; lastKnownFileType = sourcecode.swift; path = AppDelegate.swift; sourceTree = "<group>"; };
		D5BEC14420A9A889005BBE60 /* ViewController.swift */ = {isa = PBXFileReference; lastKnownFileType = sourcecode.swift; path = ViewController.swift; sourceTree = "<group>"; };
		D5BEC14720A9A889005BBE60 /* Base */ = {isa = PBXFileReference; lastKnownFileType = file.storyboard; name = Base; path = Base.lproj/Main.storyboard; sourceTree = "<group>"; };
		D5BEC14920A9A88C005BBE60 /* Assets.xcassets */ = {isa = PBXFileReference; lastKnownFileType = folder.assetcatalog; path = Assets.xcassets; sourceTree = "<group>"; };
		D5BEC14C20A9A88C005BBE60 /* Base */ = {isa = PBXFileReference; lastKnownFileType = file.storyboard; name = Base; path = Base.lproj/LaunchScreen.storyboard; sourceTree = "<group>"; };
		D5BEC14E20A9A88C005BBE60 /* Info.plist */ = {isa = PBXFileReference; lastKnownFileType = text.plist.xml; path = Info.plist; sourceTree = "<group>"; };
/* End PBXFileReference section */

/* Begin PBXFrameworksBuildPhase section */
		D5BEC13C20A9A889005BBE60 /* Frameworks */ = {
			isa = PBXFrameworksBuildPhase;
			buildActionMask = 2147483647;
			files = (
			);
			runOnlyForDeploymentPostprocessing = 0;
		};
/* End PBXFrameworksBuildPhase section */

/* Begin PBXGroup section */
		D5BEC13620A9A889005BBE60 = {
			isa = PBXGroup;
			children = (
				D5BEC14120A9A889005BBE60 /* Undecided */,
				D5BEC14020A9A889005BBE60 /* Products */,
			);
			sourceTree = "<group>";
		};
		D5BEC14020A9A889005BBE60 /* Products */ = {
			isa = PBXGroup;
			children = (
				D5BEC13F20A9A889005BBE60 /* Undecided.app */,
			);
			name = Products;
			sourceTree = "<group>";
		};
		D5BEC14120A9A889005BBE60 /* Undecided */ = {
			isa = PBXGroup;
			children = (
				D5BEC14220A9A889005BBE60 /* AppDelegate.swift */,
				D5BEC14420A9A889005BBE60 /* ViewController.swift */,
				D5BEC14620A9A889005BBE60 /* Main.storyboard */,
				D5BEC14920A9A88C005BBE60 /* Assets.xcassets */,
				D5BEC14B20A9A88C005BBE60 /* LaunchScreen.storyboard */,
				D5BEC14E20A9A88C005BBE60 /* Info.plist */,
			);
			path = Undecided;
			sourceTree = "<group>";
		};
/* End PBXGroup section */

/* Begin PBXNativeTarget section */
		D5BEC13E20A9A889005BBE60 /* Undecided */ = {
			isa = PBXNativeTarget;
			buildConfigurationList = D5BEC15120A9A88C005BBE60 /* Build configuration list for PBXNativeTarget "Undecided" */;
			buildPhases = (
				D5BEC13B20A9A889005BBE60 /* Sources */,
				D5BEC13C20A9A889005BBE60 /* Frameworks */,
				D5BEC13D20A9A889005BBE60 /* Resources */,
			);
			buildRules = (
			);
			dependencies = (
			);
			name = Undecided;
			productName = Undecided;
			productReference = D5BEC13F20A9A889005BBE60 /* Undecided.app */;
			productType = "com.apple.product-type.application";
		};
/* End PBXNativeTarget section */

/* Begin PBXProject section */
		D5BEC13720A9A889005BBE60 /* Project object */ = {
			isa = PBXProject;
			attributes = {
				LastSwiftUpdateCheck = 0930;
				LastUpgradeCheck = 0930;
				ORGANIZATIONNAME = "Robby Ackerley";
				TargetAttributes = {
					D5BEC13E20A9A889005BBE60 = {
						CreatedOnToolsVersion = 9.3;
					};
				};
			};
			buildConfigurationList = D5BEC13A20A9A889005BBE60 /* Build configuration list for PBXProject "Undecided" */;
			compatibilityVersion = "Xcode 9.3";
			developmentRegion = en;
			hasScannedForEncodings = 0;
			knownRegions = (
				en,
				Base,
			);
			mainGroup = D5BEC13620A9A889005BBE60;
			productRefGroup = D5BEC14020A9A889005BBE60 /* Products */;
			projectDirPath = "";
			projectRoot = "";
			targets = (
				D5BEC13E20A9A889005BBE60 /* Undecided */,
			);
		};
/* End PBXProject section */

/* Begin PBXResourcesBuildPhase section */
		D5BEC13D20A9A889005BBE60 /* Resources */ = {
			isa = PBXResourcesBuildPhase;
			buildActionMask = 2147483647;
			files = (
				D5BEC14D20A9A88C005BBE60 /* LaunchScreen.storyboard in Resources */,
				D5BEC14A20A9A88C005BBE60 /* Assets.xcassets in Resources */,
				D5BEC14820A9A889005BBE60 /* Main.storyboard in Resources */,
			);
			runOnlyForDeploymentPostprocessing = 0;
		};
/* End PBXResourcesBuildPhase section */

/* Begin PBXSourcesBuildPhase section */
		D5BEC13B20A9A889005BBE60 /* Sources */ = {
			isa = PBXSourcesBuildPhase;
			buildActionMask = 2147483647;
			files = (
				D5BEC14520A9A889005BBE60 /* ViewController.swift in Sources */,
				D5BEC14320A9A889005BBE60 /* AppDelegate.swift in Sources */,
			);
			runOnlyForDeploymentPostprocessing = 0;
		};
/* End PBXSourcesBuildPhase section */

/* Begin PBXVariantGroup section */
		D5BEC14620A9A889005BBE60 /* Main.storyboard */ = {
			isa = PBXVariantGroup;
			children = (
				D5BEC14720A9A889005BBE60 /* Base */,
			);
			name = Main.storyboard;
			sourceTree = "<group>";
		};
		D5BEC14B20A9A88C005BBE60 /* LaunchScreen.storyboard */ = {
			isa = PBXVariantGroup;
			children = (
				D5BEC14C20A9A88C005BBE60 /* Base */,
			);
			name = LaunchScreen.storyboard;
			sourceTree = "<group>";
		};
/* End PBXVariantGroup section */

/* Begin XCBuildConfiguration section */
		D5BEC14F20A9A88C005BBE60 /* Debug */ = {
			isa = XCBuildConfiguration;
			buildSettings = {
				ALWAYS_SEARCH_USER_PATHS = NO;
				CLANG_ANALYZER_NONNULL = YES;
				CLANG_ANALYZER_NUMBER_OBJECT_CONVERSION = YES_AGGRESSIVE;
				CLANG_CXX_LANGUAGE_STANDARD = "gnu++14";
				CLANG_CXX_LIBRARY = "libc++";
				CLANG_ENABLE_MODULES = YES;
				CLANG_ENABLE_OBJC_ARC = YES;
				CLANG_ENABLE_OBJC_WEAK = YES;
				CLANG_WARN_BLOCK_CAPTURE_AUTORELEASING = YES;
				CLANG_WARN_BOOL_CONVERSION = YES;
				CLANG_WARN_COMMA = YES;
				CLANG_WARN_CONSTANT_CONVERSION = YES;
				CLANG_WARN_DEPRECATED_OBJC_IMPLEMENTATIONS = YES;
				CLANG_WARN_DIRECT_OBJC_ISA_USAGE = YES_ERROR;
				CLANG_WARN_DOCUMENTATION_COMMENTS = YES;
				CLANG_WARN_EMPTY_BODY = YES;
				CLANG_WARN_ENUM_CONVERSION = YES;
				CLANG_WARN_INFINITE_RECURSION = YES;
				CLANG_WARN_INT_CONVERSION = YES;
				CLANG_WARN_NON_LITERAL_NULL_CONVERSION = YES;
				CLANG_WARN_OBJC_IMPLICIT_RETAIN_SELF = YES;
				CLANG_WARN_OBJC_LITERAL_CONVERSION = YES;
				CLANG_WARN_OBJC_ROOT_CLASS = YES_ERROR;
				CLANG_WARN_RANGE_LOOP_ANALYSIS = YES;
				CLANG_WARN_STRICT_PROTOTYPES = YES;
				CLANG_WARN_SUSPICIOUS_MOVE = YES;
				CLANG_WARN_UNGUARDED_AVAILABILITY = YES_AGGRESSIVE;
				CLANG_WARN_UNREACHABLE_CODE = YES;
				CLANG_WARN__DUPLICATE_METHOD_MATCH = YES;
				CODE_SIGN_IDENTITY = "iPhone Developer";
				COPY_PHASE_STRIP = NO;
				DEBUG_INFORMATION_FORMAT = dwarf;
				ENABLE_STRICT_OBJC_MSGSEND = YES;
				ENABLE_TESTABILITY = YES;
				GCC_C_LANGUAGE_STANDARD = gnu11;
				GCC_DYNAMIC_NO_PIC = NO;
				GCC_NO_COMMON_BLOCKS = YES;
				GCC_OPTIMIZATION_LEVEL = 0;
				GCC_PREPROCESSOR_DEFINITIONS = (
					"DEBUG=1",
					"$(inherited)",
				);
				GCC_WARN_64_TO_32_BIT_CONVERSION = YES;
				GCC_WARN_ABOUT_RETURN_TYPE = YES_ERROR;
				GCC_WARN_UNDECLARED_SELECTOR = YES;
				GCC_WARN_UNINITIALIZED_AUTOS = YES_AGGRESSIVE;
				GCC_WARN_UNUSED_FUNCTION = YES;
				GCC_WARN_UNUSED_VARIABLE = YES;
				IPHONEOS_DEPLOYMENT_TARGET = 11.3;
				MTL_ENABLE_DEBUG_INFO = YES;
				ONLY_ACTIVE_ARCH = YES;
				SDKROOT = iphoneos;
				SWIFT_ACTIVE_COMPILATION_CONDITIONS = DEBUG;
				SWIFT_OPTIMIZATION_LEVEL = "-Onone";
			};
			name = Debug;
		};
		D5BEC15020A9A88C005BBE60 /* Release */ = {
			isa = XCBuildConfiguration;
			buildSettings = {
				ALWAYS_SEARCH_USER_PATHS = NO;
				CLANG_ANALYZER_NONNULL = YES;
				CLANG_ANALYZER_NUMBER_OBJECT_CONVERSION = YES_AGGRESSIVE;
				CLANG_CXX_LANGUAGE_STANDARD = "gnu++14";
				CLANG_CXX_LIBRARY = "libc++";
				CLANG_ENABLE_MODULES = YES;
				CLANG_ENABLE_OBJC_ARC = YES;
				CLANG_ENABLE_OBJC_WEAK = YES;
				CLANG_WARN_BLOCK_CAPTURE_AUTORELEASING = YES;
				CLANG_WARN_BOOL_CONVERSION = YES;
				CLANG_WARN_COMMA = YES;
				CLANG_WARN_CONSTANT_CONVERSION = YES;
				CLANG_WARN_DEPRECATED_OBJC_IMPLEMENTATIONS = YES;
				CLANG_WARN_DIRECT_OBJC_ISA_USAGE = YES_ERROR;
				CLANG_WARN_DOCUMENTATION_COMMENTS = YES;
				CLANG_WARN_EMPTY_BODY = YES;
				CLANG_WARN_ENUM_CONVERSION = YES;
				CLANG_WARN_INFINITE_RECURSION = YES;
				CLANG_WARN_INT_CONVERSION = YES;
				CLANG_WARN_NON_LITERAL_NULL_CONVERSION = YES;
				CLANG_WARN_OBJC_IMPLICIT_RETAIN_SELF = YES;
				CLANG_WARN_OBJC_LITERAL_CONVERSION = YES;
				CLANG_WARN_OBJC_ROOT_CLASS = YES_ERROR;
				CLANG_WARN_RANGE_LOOP_ANALYSIS = YES;
				CLANG_WARN_STRICT_PROTOTYPES = YES;
				CLANG_WARN_SUSPICIOUS_MOVE = YES;
				CLANG_WARN_UNGUARDED_AVAILABILITY = YES_AGGRESSIVE;
				CLANG_WARN_UNREACHABLE_CODE = YES;
				CLANG_WARN__DUPLICATE_METHOD_MATCH = YES;
				CODE_SIGN_IDENTITY = "iPhone Developer";
				COPY_PHASE_STRIP = NO;
				DEBUG_INFORMATION_FORMAT = "dwarf-with-dsym";
				ENABLE_NS_ASSERTIONS = NO;
				ENABLE_STRICT_OBJC_MSGSEND = YES;
				GCC_C_LANGUAGE_STANDARD = gnu11;
				GCC_NO_COMMON_BLOCKS = YES;
				GCC_WARN_64_TO_32_BIT_CONVERSION = YES;
				GCC_WARN_ABOUT_RETURN_TYPE = YES_ERROR;
				GCC_WARN_UNDECLARED_SELECTOR = YES;
				GCC_WARN_UNINITIALIZED_AUTOS = YES_AGGRESSIVE;
				GCC_WARN_UNUSED_FUNCTION = YES;
				GCC_WARN_UNUSED_VARIABLE = YES;
				IPHONEOS_DEPLOYMENT_TARGET = 11.3;
				MTL_ENABLE_DEBUG_INFO = NO;
				SDKROOT = iphoneos;
				SWIFT_COMPILATION_MODE = wholemodule;
				SWIFT_OPTIMIZATION_LEVEL = "-O";
				VALIDATE_PRODUCT = YES;
			};
			name = Release;
		};
		D5BEC15220A9A88C005BBE60 /* Debug */ = {
			isa = XCBuildConfiguration;
			buildSettings = {
				ASSETCATALOG_COMPILER_APPICON_NAME = AppIcon;
				CODE_SIGN_STYLE = Automatic;
				INFOPLIST_FILE = Undecided/Info.plist;
				LD_RUNPATH_SEARCH_PATHS = (
					"$(inherited)",
					"@executable_path/Frameworks",
				);
				PRODUCT_BUNDLE_IDENTIFIER = com.rcackerley.Undecided;
				PRODUCT_NAME = "$(TARGET_NAME)";
				SWIFT_VERSION = 4.0;
				TARGETED_DEVICE_FAMILY = "1,2";
			};
			name = Debug;
		};
		D5BEC15320A9A88C005BBE60 /* Release */ = {
			isa = XCBuildConfiguration;
			buildSettings = {
				ASSETCATALOG_COMPILER_APPICON_NAME = AppIcon;
				CODE_SIGN_STYLE = Automatic;
				INFOPLIST_FILE = Undecided/Info.plist;
				LD_RUNPATH_SEARCH_PATHS = (
					"$(inherited)",
					"@executable_path/Frameworks",
				);
				PRODUCT_BUNDLE_IDENTIFIER = com.rcackerley.Undecided;
				PRODUCT_NAME = "$(TARGET_NAME)";
				SWIFT_VERSION = 4.0;
				TARGETED_DEVICE_FAMILY = "1,2";
			};
			name = Release;
		};
/* End XCBuildConfiguration section */

/* Begin XCConfigurationList section */
		D5BEC13A20A9A889005BBE60 /* Build configuration list for PBXProject "Undecided" */ = {
			isa = XCConfigurationList;
			buildConfigurations = (
				D5BEC14F20A9A88C005BBE60 /* Debug */,
				D5BEC15020A9A88C005BBE60 /* Release */,
			);
			defaultConfigurationIsVisible = 0;
			defaultConfigurationName = Release;
		};
		D5BEC15120A9A88C005BBE60 /* Build configuration list for PBXNativeTarget "Undecided" */ = {
			isa = XCConfigurationList;
			buildConfigurations = (
				D5BEC15220A9A88C005BBE60 /* Debug */,
				D5BEC15320A9A88C005BBE60 /* Release */,
			);
			defaultConfigurationIsVisible = 0;
			defaultConfigurationName = Release;
		};
/* End XCConfigurationList section */
	};
	rootObject = D5BEC13720A9A889005BBE60 /* Project object */;
}
